
Microsoft Visual Studio Solution File, Format Version 12.00
# Visual Studio Version 17
VisualStudioVersion = 17.2.32630.192
MinimumVisualStudioVersion = 10.0.40219.1
Project("{2150E333-8FDC-42A3-9474-1A3956D46DE8}") = "src", "src", "{BFF6F3AE-E418-42BF-89FB-64B9528E677D}"
EndProject
Project("{2150E333-8FDC-42A3-9474-1A3956D46DE8}") = "tests", "tests", "{FB8B31B8-CFAE-49E0-A32C-4E96CB1521E7}"
EndProject
Project("{9A19103F-16F7-4668-BE54-9A1E7A4F7556}") = "ApplicationCore", "src\ApplicationCore\ApplicationCore.csproj", "{2B49FCB9-883F-407F-B584-90884115D232}"
EndProject
Project("{9A19103F-16F7-4668-BE54-9A1E7A4F7556}") = "Infrastructure", "src\Infrastructure\Infrastructure.csproj", "{F4766ECF-6E24-4DDB-8C19-8B45C36E92C4}"
EndProject
Project("{9A19103F-16F7-4668-BE54-9A1E7A4F7556}") = "Web", "src\Web\Web.csproj", "{0D48F648-29BA-4D37-98B0-D3B78F98861B}"
EndProject
Project("{9A19103F-16F7-4668-BE54-9A1E7A4F7556}") = "UnitTests", "tests\UnitTests\UnitTests.csproj", "{0CB96078-9F3B-40B7-B842-E919D2A53D73}"
EndProject
Project("{2150E333-8FDC-42A3-9474-1A3956D46DE8}") = "Solution Items", "Solution Items", "{F7E5E1B6-363B-4949-8468-E6E635E51E5B}"
	ProjectSection(SolutionItems) = preProject
		README.md = README.md
	EndProjectSection
EndProject
Global
	GlobalSection(SolutionConfigurationPlatforms) = preSolution
		Debug|Any CPU = Debug|Any CPU
		Release|Any CPU = Release|Any CPU
	EndGlobalSection
	GlobalSection(ProjectConfigurationPlatforms) = postSolution
		{2B49FCB9-883F-407F-B584-90884115D232}.Debug|Any CPU.ActiveCfg = Debug|Any CPU
		{2B49FCB9-883F-407F-B584-90884115D232}.Debug|Any CPU.Build.0 = Debug|Any CPU
		{2B49FCB9-883F-407F-B584-90884115D232}.Release|Any CPU.ActiveCfg = Release|Any CPU
		{2B49FCB9-883F-407F-B584-90884115D232}.Release|Any CPU.Build.0 = Release|Any CPU
		{F4766ECF-6E24-4DDB-8C19-8B45C36E92C4}.Debug|Any CPU.ActiveCfg = Debug|Any CPU
		{F4766ECF-6E24-4DDB-8C19-8B45C36E92C4}.Debug|Any CPU.Build.0 = Debug|Any CPU
		{F4766ECF-6E24-4DDB-8C19-8B45C36E92C4}.Release|Any CPU.ActiveCfg = Release|Any CPU
		{F4766ECF-6E24-4DDB-8C19-8B45C36E92C4}.Release|Any CPU.Build.0 = Release|Any CPU
		{0D48F648-29BA-4D37-98B0-D3B78F98861B}.Debug|Any CPU.ActiveCfg = Debug|Any CPU
		{0D48F648-29BA-4D37-98B0-D3B78F98861B}.Debug|Any CPU.Build.0 = Debug|Any CPU
		{0D48F648-29BA-4D37-98B0-D3B78F98861B}.Release|Any CPU.ActiveCfg = Release|Any CPU
		{0D48F648-29BA-4D37-98B0-D3B78F98861B}.Release|Any CPU.Build.0 = Release|Any CPU
		{0CB96078-9F3B-40B7-B842-E919D2A53D73}.Debug|Any CPU.ActiveCfg = Debug|Any CPU
		{0CB96078-9F3B-40B7-B842-E919D2A53D73}.Debug|Any CPU.Build.0 = Debug|Any CPU
		{0CB96078-9F3B-40B7-B842-E919D2A53D73}.Release|Any CPU.ActiveCfg = Release|Any CPU
		{0CB96078-9F3B-40B7-B842-E919D2A53D73}.Release|Any CPU.Build.0 = Release|Any CPU
	EndGlobalSection
	GlobalSection(SolutionProperties) = preSolution
		HideSolutionNode = FALSE
	EndGlobalSection
	GlobalSection(NestedProjects) = preSolution
		{2B49FCB9-883F-407F-B584-90884115D232} = {BFF6F3AE-E418-42BF-89FB-64B9528E677D}
		{F4766ECF-6E24-4DDB-8C19-8B45C36E92C4} = {BFF6F3AE-E418-42BF-89FB-64B9528E677D}
		{0D48F648-29BA-4D37-98B0-D3B78F98861B} = {BFF6F3AE-E418-42BF-89FB-64B9528E677D}
		{0CB96078-9F3B-40B7-B842-E919D2A53D73} = {FB8B31B8-CFAE-49E0-A32C-4E96CB1521E7}
	EndGlobalSection
	GlobalSection(ExtensibilityGlobals) = postSolution
		SolutionGuid = {EB5C2F1C-3990-42B9-B54D-03290BBD1473}
	EndGlobalSection
EndGlobal
